{
  "name": "ramble",
  "version": "1.0.0",
  "lockfileVersion": 2,
  "requires": true,
  "packages": {
    "": {
      "name": "ramble",
      "version": "1.0.0",
      "license": "ISC",
      "dependencies": {
        "rita": "^2.4.501"
      }
    },
    "node_modules/rita": {
      "version": "2.4.501",
      "resolved": "https://registry.npmjs.org/rita/-/rita-2.4.501.tgz",
      "integrity": "sha512-JY3ZAlPoVkOO73BKlmKVrpunabF+HDLxlkaXhwKupn6QwjzXy7jvzmHOAppwLDuOx7MPfNIY6HHqCbopz/7sAQ=="
    }
  },
  "dependencies": {
    "rita": {
      "version": "2.4.501",
      "resolved": "https://registry.npmjs.org/rita/-/rita-2.4.501.tgz",
      "integrity": "sha512-JY3ZAlPoVkOO73BKlmKVrpunabF+HDLxlkaXhwKupn6QwjzXy7jvzmHOAppwLDuOx7MPfNIY6HHqCbopz/7sAQ=="
    }
  }
}
